{
  "name": "mobagameserver",
  "version": "1.0.0",
  "lockfileVersion": 2,
  "requires": true,
  "packages": {
    "": {
      "name": "mobagameserver",
      "version": "1.0.0",
      "license": "ISC",
      "dependencies": {
        "colyseus.js": "^0.15.14"
      }
    },
    "node_modules/@colyseus/schema": {
      "version": "2.0.24",
      "resolved": "https://registry.npmjs.org/@colyseus/schema/-/schema-2.0.24.tgz",
      "integrity": "sha512-ORPZTpfrx/n+mdhcB+2K2MEY/QjOIJl3LVYTyg3z9zzbr2yoAdKv8ekH1OHRaPZEcbQOD/suZUw/gQLsGN6S2Q==",
      "bin": {
        "schema-codegen": "bin/schema-codegen"
      }
    },
    "node_modules/colyseus.js": {
      "version": "0.15.14",
      "resolved": "https://registry.npmjs.org/colyseus.js/-/colyseus.js-0.15.14.tgz",
      "integrity": "sha512-hmsGWgaV/odvQ8kmwQQnv32bs/w3h3QGbJ5p11O+wNl4CqRnfzL8GFB8lyC5WSS7ge5wpa9RpIYAH2IE0DCokQ==",
      "dependencies": {
        "@colyseus/schema": "^2.0.4",
        "httpie": "^2.0.0-next.13",
        "tslib": "^2.1.0",
        "ws": "^8.13.0"
      },
      "engines": {
        "node": ">= 12.x"
      },
      "funding": {
        "url": "https://github.com/sponsors/endel"
      }
    },
    "node_modules/httpie": {
      "version": "2.0.0-next.13",
      "resolved": "https://registry.npmjs.org/httpie/-/httpie-2.0.0-next.13.tgz",
      "integrity": "sha512-KbKOnq8wt0hVEfteYCSnEsPgzaWxcVc4qZ4OaDU9mVOYLRo3XChjWs3MiuRgFu5y+4JDo7sDKdKzkAn1ljQYFA==",
      "engines": {
        "node": ">=10"
      }
    },
    "node_modules/tslib": {
      "version": "2.6.2",
      "resolved": "https://registry.npmjs.org/tslib/-/tslib-2.6.2.tgz",
      "integrity": "sha512-AEYxH93jGFPn/a2iVAwW87VuUIkR1FVUKB77NwMF7nBTDkDrrT/Hpt/IrCJ0QXhW27jTBDcf5ZY7w6RiqTMw2Q=="
    },
    "node_modules/ws": {
      "version": "8.14.2",
      "resolved": "https://registry.npmjs.org/ws/-/ws-8.14.2.tgz",
      "integrity": "sha512-wEBG1ftX4jcglPxgFCMJmZ2PLtSbJ2Peg6TmpJFTbe9GZYOQCDPdMYu/Tm0/bGZkw8paZnJY45J4K2PZrLYq8g==",
      "engines": {
        "node": ">=10.0.0"
      },
      "peerDependencies": {
        "bufferutil": "^4.0.1",
        "utf-8-validate": ">=5.0.2"
      },
      "peerDependenciesMeta": {
        "bufferutil": {
          "optional": true
        },
        "utf-8-validate": {
          "optional": true
        }
      }
    }
  },
  "dependencies": {
    "@colyseus/schema": {
      "version": "2.0.24",
      "resolved": "https://registry.npmjs.org/@colyseus/schema/-/schema-2.0.24.tgz",
      "integrity": "sha512-ORPZTpfrx/n+mdhcB+2K2MEY/QjOIJl3LVYTyg3z9zzbr2yoAdKv8ekH1OHRaPZEcbQOD/suZUw/gQLsGN6S2Q=="
    },
    "colyseus.js": {
      "version": "0.15.14",
      "resolved": "https://registry.npmjs.org/colyseus.js/-/colyseus.js-0.15.14.tgz",
      "integrity": "sha512-hmsGWgaV/odvQ8kmwQQnv32bs/w3h3QGbJ5p11O+wNl4CqRnfzL8GFB8lyC5WSS7ge5wpa9RpIYAH2IE0DCokQ==",
      "requires": {
        "@colyseus/schema": "^2.0.4",
        "httpie": "^2.0.0-next.13",
        "tslib": "^2.1.0",
        "ws": "^8.13.0"
      }
    },
    "httpie": {
      "version": "2.0.0-next.13",
      "resolved": "https://registry.npmjs.org/httpie/-/httpie-2.0.0-next.13.tgz",
      "integrity": "sha512-KbKOnq8wt0hVEfteYCSnEsPgzaWxcVc4qZ4OaDU9mVOYLRo3XChjWs3MiuRgFu5y+4JDo7sDKdKzkAn1ljQYFA=="
    },
    "tslib": {
      "version": "2.6.2",
      "resolved": "https://registry.npmjs.org/tslib/-/tslib-2.6.2.tgz",
      "integrity": "sha512-AEYxH93jGFPn/a2iVAwW87VuUIkR1FVUKB77NwMF7nBTDkDrrT/Hpt/IrCJ0QXhW27jTBDcf5ZY7w6RiqTMw2Q=="
    },
    "ws": {
      "version": "8.14.2",
      "resolved": "https://registry.npmjs.org/ws/-/ws-8.14.2.tgz",
      "integrity": "sha512-wEBG1ftX4jcglPxgFCMJmZ2PLtSbJ2Peg6TmpJFTbe9GZYOQCDPdMYu/Tm0/bGZkw8paZnJY45J4K2PZrLYq8g==",
      "requires": {}
    }
  }
}
